{
	"name": "robert",
	"version": "0.0.1",
	"lockfileVersion": 3,
	"requires": true,
	"packages": {
		"": {
			"name": "robert",
			"version": "0.0.1",
			"dependencies": {
				"@vscode/webview-ui-toolkit": "^1.4.0"
			},
			"devDependencies": {
				"@biomejs/biome": "^2.2.2",
				"@types/node": "^24.3.0",
				"@types/vscode": "^1.103.0",
				"typescript": "^5.9.2"
			},
			"engines": {
				"vscode": "^1.74.0"
			}
		},
		"node_modules/@biomejs/biome": {
			"version": "2.2.2",
			"resolved": "https://registry.npmjs.org/@biomejs/biome/-/biome-2.2.2.tgz",
			"integrity": "sha512-j1omAiQWCkhuLgwpMKisNKnsM6W8Xtt1l0WZmqY/dFj8QPNkIoTvk4tSsi40FaAAkBE1PU0AFG2RWFBWenAn+w==",
			"dev": true,
			"license": "MIT OR Apache-2.0",
			"bin": {
				"biome": "bin/biome"
			},
			"engines": {
				"node": ">=14.21.3"
			},
			"funding": {
				"type": "opencollective",
				"url": "https://opencollective.com/biome"
			},
			"optionalDependencies": {
				"@biomejs/cli-darwin-arm64": "2.2.2",
				"@biomejs/cli-darwin-x64": "2.2.2",
				"@biomejs/cli-linux-arm64": "2.2.2",
				"@biomejs/cli-linux-arm64-musl": "2.2.2",
				"@biomejs/cli-linux-x64": "2.2.2",
				"@biomejs/cli-linux-x64-musl": "2.2.2",
				"@biomejs/cli-win32-arm64": "2.2.2",
				"@biomejs/cli-win32-x64": "2.2.2"
			}
		},
		"node_modules/@biomejs/cli-darwin-arm64": {
			"version": "2.2.2",
			"resolved": "https://registry.npmjs.org/@biomejs/cli-darwin-arm64/-/cli-darwin-arm64-2.2.2.tgz",
			"integrity": "sha512-6ePfbCeCPryWu0CXlzsWNZgVz/kBEvHiPyNpmViSt6A2eoDf4kXs3YnwQPzGjy8oBgQulrHcLnJL0nkCh80mlQ==",
			"cpu": [
				"arm64"
			],
			"dev": true,
			"license": "MIT OR Apache-2.0",
			"optional": true,
			"os": [
				"darwin"
			],
			"engines": {
				"node": ">=14.21.3"
			}
		},
		"node_modules/@biomejs/cli-darwin-x64": {
			"version": "2.2.2",
			"resolved": "https://registry.npmjs.org/@biomejs/cli-darwin-x64/-/cli-darwin-x64-2.2.2.tgz",
			"integrity": "sha512-Tn4JmVO+rXsbRslml7FvKaNrlgUeJot++FkvYIhl1OkslVCofAtS35MPlBMhXgKWF9RNr9cwHanrPTUUXcYGag==",
			"cpu": [
				"x64"
			],
			"dev": true,
			"license": "MIT OR Apache-2.0",
			"optional": true,
			"os": [
				"darwin"
			],
			"engines": {
				"node": ">=14.21.3"
			}
		},
		"node_modules/@biomejs/cli-linux-arm64": {
			"version": "2.2.2",
			"resolved": "https://registry.npmjs.org/@biomejs/cli-linux-arm64/-/cli-linux-arm64-2.2.2.tgz",
			"integrity": "sha512-JfrK3gdmWWTh2J5tq/rcWCOsImVyzUnOS2fkjhiYKCQ+v8PqM+du5cfB7G1kXas+7KQeKSWALv18iQqdtIMvzw==",
			"cpu": [
				"arm64"
			],
			"dev": true,
			"license": "MIT OR Apache-2.0",
			"optional": true,
			"os": [
				"linux"
			],
			"engines": {
				"node": ">=14.21.3"
			}
		},
		"node_modules/@biomejs/cli-linux-arm64-musl": {
			"version": "2.2.2",
			"resolved": "https://registry.npmjs.org/@biomejs/cli-linux-arm64-musl/-/cli-linux-arm64-musl-2.2.2.tgz",
			"integrity": "sha512-/MhYg+Bd6renn6i1ylGFL5snYUn/Ct7zoGVKhxnro3bwekiZYE8Kl39BSb0MeuqM+72sThkQv4TnNubU9njQRw==",
			"cpu": [
				"arm64"
			],
			"dev": true,
			"license": "MIT OR Apache-2.0",
			"optional": true,
			"os": [
				"linux"
			],
			"engines": {
				"node": ">=14.21.3"
			}
		},
		"node_modules/@biomejs/cli-linux-x64": {
			"version": "2.2.2",
			"resolved": "https://registry.npmjs.org/@biomejs/cli-linux-x64/-/cli-linux-x64-2.2.2.tgz",
			"integrity": "sha512-Ogb+77edO5LEP/xbNicACOWVLt8mgC+E1wmpUakr+O4nKwLt9vXe74YNuT3T1dUBxC/SnrVmlzZFC7kQJEfquQ==",
			"cpu": [
				"x64"
			],
			"dev": true,
			"license": "MIT OR Apache-2.0",
			"optional": true,
			"os": [
				"linux"
			],
			"engines": {
				"node": ">=14.21.3"
			}
		},
		"node_modules/@biomejs/cli-linux-x64-musl": {
			"version": "2.2.2",
			"resolved": "https://registry.npmjs.org/@biomejs/cli-linux-x64-musl/-/cli-linux-x64-musl-2.2.2.tgz",
			"integrity": "sha512-ZCLXcZvjZKSiRY/cFANKg+z6Fhsf9MHOzj+NrDQcM+LbqYRT97LyCLWy2AS+W2vP+i89RyRM+kbGpUzbRTYWig==",
			"cpu": [
				"x64"
			],
			"dev": true,
			"license": "MIT OR Apache-2.0",
			"optional": true,
			"os": [
				"linux"
			],
			"engines": {
				"node": ">=14.21.3"
			}
		},
		"node_modules/@biomejs/cli-win32-arm64": {
			"version": "2.2.2",
			"resolved": "https://registry.npmjs.org/@biomejs/cli-win32-arm64/-/cli-win32-arm64-2.2.2.tgz",
			"integrity": "sha512-wBe2wItayw1zvtXysmHJQoQqXlTzHSpQRyPpJKiNIR21HzH/CrZRDFic1C1jDdp+zAPtqhNExa0owKMbNwW9cQ==",
			"cpu": [
				"arm64"
			],
			"dev": true,
			"license": "MIT OR Apache-2.0",
			"optional": true,
			"os": [
				"win32"
			],
			"engines": {
				"node": ">=14.21.3"
			}
		},
		"node_modules/@biomejs/cli-win32-x64": {
			"version": "2.2.2",
			"resolved": "https://registry.npmjs.org/@biomejs/cli-win32-x64/-/cli-win32-x64-2.2.2.tgz",
			"integrity": "sha512-DAuHhHekGfiGb6lCcsT4UyxQmVwQiBCBUMwVra/dcOSs9q8OhfaZgey51MlekT3p8UwRqtXQfFuEJBhJNdLZwg==",
			"cpu": [
				"x64"
			],
			"dev": true,
			"license": "MIT OR Apache-2.0",
			"optional": true,
			"os": [
				"win32"
			],
			"engines": {
				"node": ">=14.21.3"
			}
		},
		"node_modules/@microsoft/fast-element": {
			"version": "1.14.0",
			"resolved": "https://registry.npmjs.org/@microsoft/fast-element/-/fast-element-1.14.0.tgz",
			"integrity": "sha512-zXvuSOzvsu8zDTy9eby8ix8VqLop2rwKRgp++ZN2kTCsoB3+QJVoaGD2T/Cyso2ViZQFXNpiNCVKfnmxBvmWkQ==",
			"license": "MIT"
		},
		"node_modules/@microsoft/fast-foundation": {
			"version": "2.50.0",
			"resolved": "https://registry.npmjs.org/@microsoft/fast-foundation/-/fast-foundation-2.50.0.tgz",
			"integrity": "sha512-8mFYG88Xea1jZf2TI9Lm/jzZ6RWR8x29r24mGuLojNYqIR2Bl8+hnswoV6laApKdCbGMPKnsAL/O68Q0sRxeVg==",
			"license": "MIT",
			"dependencies": {
				"@microsoft/fast-element": "^1.14.0",
				"@microsoft/fast-web-utilities": "^5.4.1",
				"tabbable": "^5.2.0",
				"tslib": "^1.13.0"
			}
		},
		"node_modules/@microsoft/fast-foundation/node_modules/tslib": {
			"version": "1.14.1",
			"resolved": "https://registry.npmjs.org/tslib/-/tslib-1.14.1.tgz",
			"integrity": "sha512-Xni35NKzjgMrwevysHTCArtLDpPvye8zV/0E4EyYn43P7/7qvQwPh9BGkHewbMulVntbigmcT7rdX3BNo9wRJg==",
			"license": "0BSD"
		},
		"node_modules/@microsoft/fast-react-wrapper": {
			"version": "0.3.25",
			"resolved": "https://registry.npmjs.org/@microsoft/fast-react-wrapper/-/fast-react-wrapper-0.3.25.tgz",
			"integrity": "sha512-jKzmk2xJV93RL/jEFXEZgBvXlKIY4N4kXy3qrjmBfFpqNi3VjY+oUTWyMnHRMC5EUhIFxD+Y1VD4u9uIPX3jQw==",
			"license": "MIT",
			"dependencies": {
				"@microsoft/fast-element": "^1.14.0",
				"@microsoft/fast-foundation": "^2.50.0"
			},
			"peerDependencies": {
				"react": ">=16.9.0"
			}
		},
		"node_modules/@microsoft/fast-web-utilities": {
			"version": "5.4.1",
			"resolved": "https://registry.npmjs.org/@microsoft/fast-web-utilities/-/fast-web-utilities-5.4.1.tgz",
			"integrity": "sha512-ReWYncndjV3c8D8iq9tp7NcFNc1vbVHvcBFPME2nNFKNbS1XCesYZGlIlf3ot5EmuOXPlrzUHOWzQ2vFpIkqDg==",
			"license": "MIT",
			"dependencies": {
				"exenv-es6": "^1.1.1"
			}
		},
		"node_modules/@types/node": {
			"version": "24.3.0",
			"resolved": "https://registry.npmjs.org/@types/node/-/node-24.3.0.tgz",
			"integrity": "sha512-aPTXCrfwnDLj4VvXrm+UUCQjNEvJgNA8s5F1cvwQU+3KNltTOkBm1j30uNLyqqPNe7gE3KFzImYoZEfLhp4Yow==",
			"dev": true,
			"license": "MIT",
			"dependencies": {
				"undici-types": "~7.10.0"
			}
		},
		"node_modules/@types/vscode": {
			"version": "1.103.0",
			"resolved": "https://registry.npmjs.org/@types/vscode/-/vscode-1.103.0.tgz",
			"integrity": "sha512-o4hanZAQdNfsKecexq9L3eHICd0AAvdbLk6hA60UzGXbGH/q8b/9xv2RgR7vV3ZcHuyKVq7b37IGd/+gM4Tu+Q==",
			"dev": true,
			"license": "MIT"
		},
		"node_modules/@vscode/webview-ui-toolkit": {
			"version": "1.4.0",
			"resolved": "https://registry.npmjs.org/@vscode/webview-ui-toolkit/-/webview-ui-toolkit-1.4.0.tgz",
			"integrity": "sha512-modXVHQkZLsxgmd5yoP3ptRC/G8NBDD+ob+ngPiWNQdlrH6H1xR/qgOBD85bfU3BhOB5sZzFWBwwhp9/SfoHww==",
			"deprecated": "This package has been deprecated, https://github.com/microsoft/vscode-webview-ui-toolkit/issues/561",
			"license": "MIT",
			"dependencies": {
				"@microsoft/fast-element": "^1.12.0",
				"@microsoft/fast-foundation": "^2.49.4",
				"@microsoft/fast-react-wrapper": "^0.3.22",
				"tslib": "^2.6.2"
			},
			"peerDependencies": {
				"react": ">=16.9.0"
			}
		},
		"node_modules/exenv-es6": {
			"version": "1.1.1",
			"resolved": "https://registry.npmjs.org/exenv-es6/-/exenv-es6-1.1.1.tgz",
			"integrity": "sha512-vlVu3N8d6yEMpMsEm+7sUBAI81aqYYuEvfK0jNqmdb/OPXzzH7QWDDnVjMvDSY47JdHEqx/dfC/q8WkfoTmpGQ==",
			"license": "MIT"
		},
		"node_modules/react": {
			"version": "19.1.1",
			"resolved": "https://registry.npmjs.org/react/-/react-19.1.1.tgz",
			"integrity": "sha512-w8nqGImo45dmMIfljjMwOGtbmC/mk4CMYhWIicdSflH91J9TyCyczcPFXJzrZ/ZXcgGRFeP6BU0BEJTw6tZdfQ==",
			"license": "MIT",
			"peer": true,
			"engines": {
				"node": ">=0.10.0"
			}
		},
		"node_modules/tabbable": {
			"version": "5.3.3",
			"resolved": "https://registry.npmjs.org/tabbable/-/tabbable-5.3.3.tgz",
			"integrity": "sha512-QD9qKY3StfbZqWOPLp0++pOrAVb/HbUi5xCc8cUo4XjP19808oaMiDzn0leBY5mCespIBM0CIZePzZjgzR83kA==",
			"license": "MIT"
		},
		"node_modules/tslib": {
			"version": "2.8.1",
			"resolved": "https://registry.npmjs.org/tslib/-/tslib-2.8.1.tgz",
			"integrity": "sha512-oJFu94HQb+KVduSUQL7wnpmqnfmLsOA/nAh6b6EH0wCEoK0/mPeXU6c3wKDV83MkOuHPRHtSXKKU99IBazS/2w==",
			"license": "0BSD"
		},
		"node_modules/typescript": {
			"version": "5.9.2",
			"resolved": "https://registry.npmjs.org/typescript/-/typescript-5.9.2.tgz",
			"integrity": "sha512-CWBzXQrc/qOkhidw1OzBTQuYRbfyxDXJMVJ1XNwUHGROVmuaeiEm3OslpZ1RV96d7SKKjZKrSJu3+t/xlw3R9A==",
			"dev": true,
			"license": "Apache-2.0",
			"bin": {
				"tsc": "bin/tsc",
				"tsserver": "bin/tsserver"
			},
			"engines": {
				"node": ">=14.17"
			}
		},
		"node_modules/undici-types": {
			"version": "7.10.0",
			"resolved": "https://registry.npmjs.org/undici-types/-/undici-types-7.10.0.tgz",
			"integrity": "sha512-t5Fy/nfn+14LuOc2KNYg75vZqClpAiqscVvMygNnlsHBFpSXdJaYtXMcdNLpl/Qvc3P2cB3s6lOV51nqsFq4ag==",
			"dev": true,
			"license": "MIT"
		}
	}
}
